// !$*UTF8*$!
{
	archiveVersion = 1;
	classes = {
	};
	objectVersion = 46;
	objects = {

/* Begin PBXBuildFile section */
		1685260D1D93D9CF00F9BF56 /* AppDelegate.swift in Sources */ = {isa = PBXBuildFile; fileRef = 1685260C1D93D9CF00F9BF56 /* AppDelegate.swift */; };
		1685260F1D93D9CF00F9BF56 /* FirstViewController.swift in Sources */ = {isa = PBXBuildFile; fileRef = 1685260E1D93D9CF00F9BF56 /* FirstViewController.swift */; };
		168526111D93D9CF00F9BF56 /* SecondViewController.swift in Sources */ = {isa = PBXBuildFile; fileRef = 168526101D93D9CF00F9BF56 /* SecondViewController.swift */; };
		168526141D93D9CF00F9BF56 /* Main.storyboard in Resources */ = {isa = PBXBuildFile; fileRef = 168526121D93D9CF00F9BF56 /* Main.storyboard */; };
		168526161D93D9CF00F9BF56 /* Assets.xcassets in Resources */ = {isa = PBXBuildFile; fileRef = 168526151D93D9CF00F9BF56 /* Assets.xcassets */; };
		168526191D93D9CF00F9BF56 /* LaunchScreen.storyboard in Resources */ = {isa = PBXBuildFile; fileRef = 168526171D93D9CF00F9BF56 /* LaunchScreen.storyboard */; };
		168526221D93D9E100F9BF56 /* MapKit.framework in Frameworks */ = {isa = PBXBuildFile; fileRef = 168526211D93D9E100F9BF56 /* MapKit.framework */; };
		AB28E326D8D9077B4B46F6C3 /* Pods_Tracker.framework in Frameworks */ = {isa = PBXBuildFile; fileRef = 3778F64B8254AC7B0483F1A7 /* Pods_Tracker.framework */; };
/* End PBXBuildFile section */

/* Begin PBXFileReference section */
		168526091D93D9CF00F9BF56 /* Tracker.app */ = {isa = PBXFileReference; explicitFileType = wrapper.application; includeInIndex = 0; path = Tracker.app; sourceTree = BUILT_PRODUCTS_DIR; };
		1685260C1D93D9CF00F9BF56 /* AppDelegate.swift */ = {isa = PBXFileReference; lastKnownFileType = sourcecode.swift; path = AppDelegate.swift; sourceTree = "<group>"; };
		1685260E1D93D9CF00F9BF56 /* FirstViewController.swift */ = {isa = PBXFileReference; lastKnownFileType = sourcecode.swift; path = FirstViewController.swift; sourceTree = "<group>"; };
		168526101D93D9CF00F9BF56 /* SecondViewController.swift */ = {isa = PBXFileReference; lastKnownFileType = sourcecode.swift; path = SecondViewController.swift; sourceTree = "<group>"; };
		168526131D93D9CF00F9BF56 /* Base */ = {isa = PBXFileReference; lastKnownFileType = file.storyboard; name = Base; path = Base.lproj/Main.storyboard; sourceTree = "<group>"; };
		168526151D93D9CF00F9BF56 /* Assets.xcassets */ = {isa = PBXFileReference; lastKnownFileType = folder.assetcatalog; path = Assets.xcassets; sourceTree = "<group>"; };
		168526181D93D9CF00F9BF56 /* Base */ = {isa = PBXFileReference; lastKnownFileType = file.storyboard; name = Base; path = Base.lproj/LaunchScreen.storyboard; sourceTree = "<group>"; };
		1685261A1D93D9CF00F9BF56 /* Info.plist */ = {isa = PBXFileReference; lastKnownFileType = text.plist.xml; path = Info.plist; sourceTree = "<group>"; };
		168526211D93D9E100F9BF56 /* MapKit.framework */ = {isa = PBXFileReference; lastKnownFileType = wrapper.framework; name = MapKit.framework; path = System/Library/Frameworks/MapKit.framework; sourceTree = SDKROOT; };
		3778F64B8254AC7B0483F1A7 /* Pods_Tracker.framework */ = {isa = PBXFileReference; explicitFileType = wrapper.framework; includeInIndex = 0; path = Pods_Tracker.framework; sourceTree = BUILT_PRODUCTS_DIR; };
		76C9E5EF5EB4D44B3B7B66D5 /* Pods-Tracker.debug.xcconfig */ = {isa = PBXFileReference; includeInIndex = 1; lastKnownFileType = text.xcconfig; name = "Pods-Tracker.debug.xcconfig"; path = "Pods/Target Support Files/Pods-Tracker/Pods-Tracker.debug.xcconfig"; sourceTree = "<group>"; };
		B767F8F7F31380517B283069 /* Pods-Tracker.release.xcconfig */ = {isa = PBXFileReference; includeInIndex = 1; lastKnownFileType = text.xcconfig; name = "Pods-Tracker.release.xcconfig"; path = "Pods/Target Support Files/Pods-Tracker/Pods-Tracker.release.xcconfig"; sourceTree = "<group>"; };
/* End PBXFileReference section */

/* Begin PBXFrameworksBuildPhase section */
		168526061D93D9CE00F9BF56 /* Frameworks */ = {
			isa = PBXFrameworksBuildPhase;
			buildActionMask = 2147483647;
			files = (
				168526221D93D9E100F9BF56 /* MapKit.framework in Frameworks */,
				AB28E326D8D9077B4B46F6C3 /* Pods_Tracker.framework in Frameworks */,
			);
			runOnlyForDeploymentPostprocessing = 0;
		};
/* End PBXFrameworksBuildPhase section */

/* Begin PBXGroup section */
		168526001D93D9CE00F9BF56 = {
			isa = PBXGroup;
			children = (
				1685260B1D93D9CF00F9BF56 /* Tracker */,
				1685260A1D93D9CF00F9BF56 /* Products */,
				168526201D93D9E100F9BF56 /* Frameworks */,
				2B73E24F829FF2F8CD99C0F3 /* Pods */,
			);
			sourceTree = "<group>";
		};
		1685260A1D93D9CF00F9BF56 /* Products */ = {
			isa = PBXGroup;
			children = (
				168526091D93D9CF00F9BF56 /* Tracker.app */,
			);
			name = Products;
			sourceTree = "<group>";
		};
		1685260B1D93D9CF00F9BF56 /* Tracker */ = {
			isa = PBXGroup;
			children = (
				1685260C1D93D9CF00F9BF56 /* AppDelegate.swift */,
				1685260E1D93D9CF00F9BF56 /* FirstViewController.swift */,
				168526101D93D9CF00F9BF56 /* SecondViewController.swift */,
				168526121D93D9CF00F9BF56 /* Main.storyboard */,
				168526151D93D9CF00F9BF56 /* Assets.xcassets */,
				168526171D93D9CF00F9BF56 /* LaunchScreen.storyboard */,
				1685261A1D93D9CF00F9BF56 /* Info.plist */,
			);
			path = Tracker;
			sourceTree = "<group>";
		};
		168526201D93D9E100F9BF56 /* Frameworks */ = {
			isa = PBXGroup;
			children = (
				168526211D93D9E100F9BF56 /* MapKit.framework */,
				3778F64B8254AC7B0483F1A7 /* Pods_Tracker.framework */,
			);
			name = Frameworks;
			sourceTree = "<group>";
		};
		2B73E24F829FF2F8CD99C0F3 /* Pods */ = {
			isa = PBXGroup;
			children = (
				76C9E5EF5EB4D44B3B7B66D5 /* Pods-Tracker.debug.xcconfig */,
				B767F8F7F31380517B283069 /* Pods-Tracker.release.xcconfig */,
			);
			name = Pods;
			sourceTree = "<group>";
		};
/* End PBXGroup section */

/* Begin PBXNativeTarget section */
		168526081D93D9CE00F9BF56 /* Tracker */ = {
			isa = PBXNativeTarget;
			buildConfigurationList = 1685261D1D93D9CF00F9BF56 /* Build configuration list for PBXNativeTarget "Tracker" */;
			buildPhases = (
				F2D3F347C0D156033E1664EB /* [CP] Check Pods Manifest.lock */,
				168526051D93D9CE00F9BF56 /* Sources */,
				168526061D93D9CE00F9BF56 /* Frameworks */,
				168526071D93D9CE00F9BF56 /* Resources */,
				24A9891E5595A26922381F58 /* [CP] Embed Pods Frameworks */,
				F1B9FC2A9CFB4A2D6C7C6BC4 /* [CP] Copy Pods Resources */,
			);
			buildRules = (
			);
			dependencies = (
			);
			name = Tracker;
			productName = Tracker;
			productReference = 168526091D93D9CF00F9BF56 /* Tracker.app */;
			productType = "com.apple.product-type.application";
		};
/* End PBXNativeTarget section */

/* Begin PBXProject section */
		168526011D93D9CE00F9BF56 /* Project object */ = {
			isa = PBXProject;
			attributes = {
				LastSwiftUpdateCheck = 0800;
				LastUpgradeCheck = 0800;
				ORGANIZATIONNAME = "Peter Andersson";
				TargetAttributes = {
					168526081D93D9CE00F9BF56 = {
						CreatedOnToolsVersion = 8.0;
						DevelopmentTeam = 9UN5M89MCE;
						ProvisioningStyle = Automatic;
						SystemCapabilities = {
							com.apple.BackgroundModes = {
								enabled = 1;
							};
							com.apple.Maps.iOS = {
								enabled = 1;
							};
						};
					};
				};
			};
			buildConfigurationList = 168526041D93D9CE00F9BF56 /* Build configuration list for PBXProject "Tracker" */;
			compatibilityVersion = "Xcode 3.2";
			developmentRegion = English;
			hasScannedForEncodings = 0;
			knownRegions = (
				en,
				Base,
			);
			mainGroup = 168526001D93D9CE00F9BF56;
			productRefGroup = 1685260A1D93D9CF00F9BF56 /* Products */;
			projectDirPath = "";
			projectRoot = "";
			targets = (
				168526081D93D9CE00F9BF56 /* Tracker */,
			);
		};
/* End PBXProject section */

/* Begin PBXResourcesBuildPhase section */
		168526071D93D9CE00F9BF56 /* Resources */ = {
			isa = PBXResourcesBuildPhase;
			buildActionMask = 2147483647;
			files = (
				168526191D93D9CF00F9BF56 /* LaunchScreen.storyboard in Resources */,
				168526161D93D9CF00F9BF56 /* Assets.xcassets in Resources */,
				168526141D93D9CF00F9BF56 /* Main.storyboard in Resources */,
			);
			runOnlyForDeploymentPostprocessing = 0;
		};
/* End PBXResourcesBuildPhase section */

/* Begin PBXShellScriptBuildPhase section */
		24A9891E5595A26922381F58 /* [CP] Embed Pods Frameworks */ = {
			isa = PBXShellScriptBuildPhase;
			buildActionMask = 2147483647;
			files = (
			);
			inputPaths = (
			);
			name = "[CP] Embed Pods Frameworks";
			outputPaths = (
			);
			runOnlyForDeploymentPostprocessing = 0;
			shellPath = /bin/sh;
			shellScript = "\"${SRCROOT}/Pods/Target Support Files/Pods-Tracker/Pods-Tracker-frameworks.sh\"\n";
			showEnvVarsInLog = 0;
		};
		F1B9FC2A9CFB4A2D6C7C6BC4 /* [CP] Copy Pods Resources */ = {
			isa = PBXShellScriptBuildPhase;
			buildActionMask = 2147483647;
			files = (
			);
			inputPaths = (
			);
			name = "[CP] Copy Pods Resources";
			outputPaths = (
			);
			runOnlyForDeploymentPostprocessing = 0;
			shellPath = /bin/sh;
			shellScript = "\"${SRCROOT}/Pods/Target Support Files/Pods-Tracker/Pods-Tracker-resources.sh\"\n";
			showEnvVarsInLog = 0;
		};
		F2D3F347C0D156033E1664EB /* [CP] Check Pods Manifest.lock */ = {
			isa = PBXShellScriptBuildPhase;
			buildActionMask = 2147483647;
			files = (
			);
			inputPaths = (
			);
			name = "[CP] Check Pods Manifest.lock";
			outputPaths = (
			);
			runOnlyForDeploymentPostprocessing = 0;
			shellPath = /bin/sh;
			shellScript = "diff \"${PODS_ROOT}/../Podfile.lock\" \"${PODS_ROOT}/Manifest.lock\" > /dev/null\nif [[ $? != 0 ]] ; then\n    cat << EOM\nerror: The sandbox is not in sync with the Podfile.lock. Run 'pod install' or update your CocoaPods installation.\nEOM\n    exit 1\nfi\n";
			showEnvVarsInLog = 0;
		};
/* End PBXShellScriptBuildPhase section */

/* Begin PBXSourcesBuildPhase section */
		168526051D93D9CE00F9BF56 /* Sources */ = {
			isa = PBXSourcesBuildPhase;
			buildActionMask = 2147483647;
			files = (
				168526111D93D9CF00F9BF56 /* SecondViewController.swift in Sources */,
				1685260D1D93D9CF00F9BF56 /* AppDelegate.swift in Sources */,
				1685260F1D93D9CF00F9BF56 /* FirstViewController.swift in Sources */,
			);
			runOnlyForDeploymentPostprocessing = 0;
		};
/* End PBXSourcesBuildPhase section */

/* Begin PBXVariantGroup section */
		168526121D93D9CF00F9BF56 /* Main.storyboard */ = {
			isa = PBXVariantGroup;
			children = (
				168526131D93D9CF00F9BF56 /* Base */,
			);
			name = Main.storyboard;
			sourceTree = "<group>";
		};
		168526171D93D9CF00F9BF56 /* LaunchScreen.storyboard */ = {
			isa = PBXVariantGroup;
			children = (
				168526181D93D9CF00F9BF56 /* Base */,
			);
			name = LaunchScreen.storyboard;
			sourceTree = "<group>";
		};
/* End PBXVariantGroup section */

/* Begin XCBuildConfiguration section */
		1685261B1D93D9CF00F9BF56 /* Debug */ = {
			isa = XCBuildConfiguration;
			buildSettings = {
				ALWAYS_SEARCH_USER_PATHS = NO;
				CLANG_ANALYZER_NONNULL = YES;
				CLANG_CXX_LANGUAGE_STANDARD = "gnu++0x";
				CLANG_CXX_LIBRARY = "libc++";
				CLANG_ENABLE_MODULES = YES;
				CLANG_ENABLE_OBJC_ARC = YES;
				CLANG_WARN_BOOL_CONVERSION = YES;
				CLANG_WARN_CONSTANT_CONVERSION = YES;
				CLANG_WARN_DIRECT_OBJC_ISA_USAGE = YES_ERROR;
				CLANG_WARN_DOCUMENTATION_COMMENTS = YES;
				CLANG_WARN_EMPTY_BODY = YES;
				CLANG_WARN_ENUM_CONVERSION = YES;
				CLANG_WARN_INFINITE_RECURSION = YES;
				CLANG_WARN_INT_CONVERSION = YES;
				CLANG_WARN_OBJC_ROOT_CLASS = YES_ERROR;
				CLANG_WARN_SUSPICIOUS_MOVES = YES;
				CLANG_WARN_UNREACHABLE_CODE = YES;
				CLANG_WARN__DUPLICATE_METHOD_MATCH = YES;
				"CODE_SIGN_IDENTITY[sdk=iphoneos*]" = "iPhone Developer";
				COPY_PHASE_STRIP = NO;
				DEBUG_INFORMATION_FORMAT = dwarf;
				ENABLE_STRICT_OBJC_MSGSEND = YES;
				ENABLE_TESTABILITY = YES;
				GCC_C_LANGUAGE_STANDARD = gnu99;
				GCC_DYNAMIC_NO_PIC = NO;
				GCC_NO_COMMON_BLOCKS = YES;
				GCC_OPTIMIZATION_LEVEL = 0;
				GCC_PREPROCESSOR_DEFINITIONS = (
					"DEBUG=1",
					"$(inherited)",
				);
				GCC_WARN_64_TO_32_BIT_CONVERSION = YES;
				GCC_WARN_ABOUT_RETURN_TYPE = YES_ERROR;
				GCC_WARN_UNDECLARED_SELECTOR = YES;
				GCC_WARN_UNINITIALIZED_AUTOS = YES_AGGRESSIVE;
				GCC_WARN_UNUSED_FUNCTION = YES;
				GCC_WARN_UNUSED_VARIABLE = YES;
				IPHONEOS_DEPLOYMENT_TARGET = 10.0;
				MTL_ENABLE_DEBUG_INFO = YES;
				ONLY_ACTIVE_ARCH = YES;
				SDKROOT = iphoneos;
				SWIFT_ACTIVE_COMPILATION_CONDITIONS = DEBUG;
				SWIFT_OPTIMIZATION_LEVEL = "-Onone";
				SWIFT_VERSION = 2.3;
				TARGETED_DEVICE_FAMILY = "1,2";
			};
			name = Debug;
		};
		1685261C1D93D9CF00F9BF56 /* Release */ = {
			isa = XCBuildConfiguration;
			buildSettings = {
				ALWAYS_SEARCH_USER_PATHS = NO;
				CLANG_ANALYZER_NONNULL = YES;
				CLANG_CXX_LANGUAGE_STANDARD = "gnu++0x";
				CLANG_CXX_LIBRARY = "libc++";
				CLANG_ENABLE_MODULES = YES;
				CLANG_ENABLE_OBJC_ARC = YES;
				CLANG_WARN_BOOL_CONVERSION = YES;
				CLANG_WARN_CONSTANT_CONVERSION = YES;
				CLANG_WARN_DIRECT_OBJC_ISA_USAGE = YES_ERROR;
				CLANG_WARN_DOCUMENTATION_COMMENTS = YES;
				CLANG_WARN_EMPTY_BODY = YES;
				CLANG_WARN_ENUM_CONVERSION = YES;
				CLANG_WARN_INFINITE_RECURSION = YES;
				CLANG_WARN_INT_CONVERSION = YES;
				CLANG_WARN_OBJC_ROOT_CLASS = YES_ERROR;
				CLANG_WARN_SUSPICIOUS_MOVES = YES;
				CLANG_WARN_UNREACHABLE_CODE = YES;
				CLANG_WARN__DUPLICATE_METHOD_MATCH = YES;
				"CODE_SIGN_IDENTITY[sdk=iphoneos*]" = "iPhone Developer";
				COPY_PHASE_STRIP = NO;
				DEBUG_INFORMATION_FORMAT = "dwarf-with-dsym";
				ENABLE_NS_ASSERTIONS = NO;
				ENABLE_STRICT_OBJC_MSGSEND = YES;
				GCC_C_LANGUAGE_STANDARD = gnu99;
				GCC_NO_COMMON_BLOCKS = YES;
				GCC_WARN_64_TO_32_BIT_CONVERSION = YES;
				GCC_WARN_ABOUT_RETURN_TYPE = YES_ERROR;
				GCC_WARN_UNDECLARED_SELECTOR = YES;
				GCC_WARN_UNINITIALIZED_AUTOS = YES_AGGRESSIVE;
				GCC_WARN_UNUSED_FUNCTION = YES;
				GCC_WARN_UNUSED_VARIABLE = YES;
				IPHONEOS_DEPLOYMENT_TARGET = 10.0;
				MTL_ENABLE_DEBUG_INFO = NO;
				SDKROOT = iphoneos;
				SWIFT_OPTIMIZATION_LEVEL = "-Owholemodule";
				SWIFT_VERSION = 2.3;
				TARGETED_DEVICE_FAMILY = "1,2";
				VALIDATE_PRODUCT = YES;
			};
			name = Release;
		};
		1685261E1D93D9CF00F9BF56 /* Debug */ = {
			isa = XCBuildConfiguration;
			baseConfigurationReference = 76C9E5EF5EB4D44B3B7B66D5 /* Pods-Tracker.debug.xcconfig */;
			buildSettings = {
				ASSETCATALOG_COMPILER_APPICON_NAME = AppIcon;
				DEVELOPMENT_TEAM = 9UN5M89MCE;
				INFOPLIST_FILE = Tracker/Info.plist;
				LD_RUNPATH_SEARCH_PATHS = "$(inherited) @executable_path/Frameworks";
				PRODUCT_BUNDLE_IDENTIFIER = se.fshweden.Tracker;
				PRODUCT_NAME = "$(TARGET_NAME)";
				SWIFT_VERSION = 2.3;
			};
			name = Debug;
		};
		1685261F1D93D9CF00F9BF56 /* Release */ = {
			isa = XCBuildConfiguration;
			baseConfigurationReference = B767F8F7F31380517B283069 /* Pods-Tracker.release.xcconfig */;
			buildSettings = {
				ASSETCATALOG_COMPILER_APPICON_NAME = AppIcon;
				DEVELOPMENT_TEAM = 9UN5M89MCE;
				INFOPLIST_FILE = Tracker/Info.plist;
				LD_RUNPATH_SEARCH_PATHS = "$(inherited) @executable_path/Frameworks";
				PRODUCT_BUNDLE_IDENTIFIER = se.fshweden.Tracker;
				PRODUCT_NAME = "$(TARGET_NAME)";
				SWIFT_VERSION = 2.3;
			};
			name = Release;
		};
/* End XCBuildConfiguration section */

/* Begin XCConfigurationList section */
		168526041D93D9CE00F9BF56 /* Build configuration list for PBXProject "Tracker" */ = {
			isa = XCConfigurationList;
			buildConfigurations = (
				1685261B1D93D9CF00F9BF56 /* Debug */,
				1685261C1D93D9CF00F9BF56 /* Release */,
			);
			defaultConfigurationIsVisible = 0;
			defaultConfigurationName = Release;
		};
		1685261D1D93D9CF00F9BF56 /* Build configuration list for PBXNativeTarget "Tracker" */ = {
			isa = XCConfigurationList;
			buildConfigurations = (
				1685261E1D93D9CF00F9BF56 /* Debug */,
				1685261F1D93D9CF00F9BF56 /* Release */,
			);
			defaultConfigurationIsVisible = 0;
			defaultConfigurationName = Release;
		};
/* End XCConfigurationList section */
	};
	rootObject = 168526011D93D9CE00F9BF56 /* Project object */;
}
